
Microsoft Visual Studio Solution File, Format Version 12.00
# Visual Studio 15
VisualStudioVersion = 15.0.26730.16
MinimumVisualStudioVersion = 10.0.40219.1
Project("{8BC9CEB8-8B4A-11D0-8D11-00A0C91BC942}") = "Maze", "Maze\Maze.vcxproj", "{563AA131-9378-4126-94DB-E61204DBB3C8}"
EndProject
Global
	GlobalSection(SolutionConfigurationPlatforms) = preSolution
		Debug|x64 = Debug|x64
		Debug|x86 = Debug|x86
		Release|x64 = Release|x64
		Release|x86 = Release|x86
	EndGlobalSection
	GlobalSection(ProjectConfigurationPlatforms) = postSolution
		{563AA131-9378-4126-94DB-E61204DBB3C8}.Debug|x64.ActiveCfg = Debug|x64
		{563AA131-9378-4126-94DB-E61204DBB3C8}.Debug|x64.Build.0 = Debug|x64
		{563AA131-9378-4126-94DB-E61204DBB3C8}.Debug|x86.ActiveCfg = Debug|Win32
		{563AA131-9378-4126-94DB-E61204DBB3C8}.Debug|x86.Build.0 = Debug|Win32
		{563AA131-9378-4126-94DB-E61204DBB3C8}.Release|x64.ActiveCfg = Release|x64
		{563AA131-9378-4126-94DB-E61204DBB3C8}.Release|x64.Build.0 = Release|x64
		{563AA131-9378-4126-94DB-E61204DBB3C8}.Release|x86.ActiveCfg = Release|Win32
		{563AA131-9378-4126-94DB-E61204DBB3C8}.Release|x86.Build.0 = Release|Win32
	EndGlobalSection
	GlobalSection(SolutionProperties) = preSolution
		HideSolutionNode = FALSE
	EndGlobalSection
	GlobalSection(ExtensibilityGlobals) = postSolution
		SolutionGuid = {86086496-5F73-4A59-ADA7-E86560CD6D99}
	EndGlobalSection
EndGlobal
